<?xml version="1.0" encoding="utf-8"?>
<Project ToolsVersion="4.0" xmlns="http://schemas.microsoft.com/developer/msbuild/2003">
  <ItemGroup>
    <Filter Include="Source Files">
      <UniqueIdentifier>{4FC737F1-C7A5-4376-A066-2A32D752A2FF}</UniqueIdentifier>
      <Extensions>cpp;c;cc;cxx;c++;cppm;ixx;def;odl;idl;hpj;bat;asm;asmx</Extensions>
    </Filter>
    <Filter Include="Header Files">
      <UniqueIdentifier>{93995380-89BD-4b04-88EB-625FBE52EBFB}</UniqueIdentifier>
      <Extensions>h;hh;hpp;hxx;h++;hm;inl;inc;ipp;xsd</Extensions>
    </Filter>
    <Filter Include="Resource Files">
      <UniqueIdentifier>{67DA6AB6-F800-4c08-8B7A-83BB121AAD01}</UniqueIdentifier>
      <Extensions>rc;ico;cur;bmp;dlg;rc2;rct;bin;rgs;gif;jpg;jpeg;jpe;resx;tiff;tif;png;wav;mfcribbon-ms</Extensions>
    </Filter>
    <Filter Include="sort">
      <UniqueIdentifier>{0094cdbf-ca75-4c3d-b129-ec1368bcff94}</UniqueIdentifier>
    </Filter>
    <Filter Include="search">
      <UniqueIdentifier>{ea14adfc-dfcc-4f36-b032-0dad8c9bbb10}</UniqueIdentifier>
    </Filter>
    <Filter Include="random">
      <UniqueIdentifier>{cc73c7b6-2fd3-4e08-871a-ddf2f48fdf09}</UniqueIdentifier>
    </Filter>
  </ItemGroup>
  <ItemGroup>
    <ClInclude Include="framework.h">
      <Filter>Header Files</Filter>
    </ClInclude>
    <ClInclude Include="pch.h">
      <Filter>Header Files</Filter>
    </ClInclude>
    <ClInclude Include="src\sort\insertionSort.h">
      <Filter>sort</Filter>
    </ClInclude>
    <ClInclude Include="src\search\search.h">
      <Filter>search</Filter>
    </ClInclude>
    <ClInclude Include="src\random\random.h">
      <Filter>random</Filter>
    </ClInclude>
    <ClInclude Include="src\sort\mergeSort.h">
      <Filter>sort</Filter>
    </ClInclude>
  </ItemGroup>
  <ItemGroup>
    <ClCompile Include="algorithms.cpp">
      <Filter>Source Files</Filter>
    </ClCompile>
    <ClCompile Include="pch.cpp">
      <Filter>Source Files</Filter>
    </ClCompile>
    <ClCompile Include="src\sort\insertionSort.cpp">
      <Filter>sort</Filter>
    </ClCompile>
    <ClCompile Include="src\search\search.cpp">
      <Filter>search</Filter>
    </ClCompile>
    <ClCompile Include="src\random\random.cpp">
      <Filter>random</Filter>
    </ClCompile>
    <ClCompile Include="src\sort\mergeSort.cpp">
      <Filter>sort</Filter>
    </ClCompile>
  </ItemGroup>
</Project>